
Microsoft Visual Studio Solution File, Format Version 12.00
# Visual Studio Version 17
VisualStudioVersion = 17.5.33627.172
MinimumVisualStudioVersion = 10.0.40219.1
Project("{FAE04EC0-301F-11D3-BF4B-00C04F79EFBC}") = "WindowsFormMarciano", "WindowsFormMarciano\WindowsFormMarciano.csproj", "{CD1493B2-95FA-4CFE-BF95-55DB5A649633}"
EndProject
Global
	GlobalSection(SolutionConfigurationPlatforms) = preSolution
		Debug|Any CPU = Debug|Any CPU
		Release|Any CPU = Release|Any CPU
	EndGlobalSection
	GlobalSection(ProjectConfigurationPlatforms) = postSolution
		{CD1493B2-95FA-4CFE-BF95-55DB5A649633}.Debug|Any CPU.ActiveCfg = Debug|Any CPU
		{CD1493B2-95FA-4CFE-BF95-55DB5A649633}.Debug|Any CPU.Build.0 = Debug|Any CPU
		{CD1493B2-95FA-4CFE-BF95-55DB5A649633}.Release|Any CPU.ActiveCfg = Release|Any CPU
		{CD1493B2-95FA-4CFE-BF95-55DB5A649633}.Release|Any CPU.Build.0 = Release|Any CPU
	EndGlobalSection
	GlobalSection(SolutionProperties) = preSolution
		HideSolutionNode = FALSE
	EndGlobalSection
	GlobalSection(ExtensibilityGlobals) = postSolution
		SolutionGuid = {23BB8053-4B47-4411-9B1E-4DBF39AC3327}
	EndGlobalSection
EndGlobal
